// !$*UTF8*$!
{
	archiveVersion = 1;
	classes = {
	};
	objectVersion = 56;
	objects = {

/* Begin PBXBuildFile section */
		6FD07EB22C199D5F004FFAC1 /* AppDelegate.m in Sources */ = {isa = PBXBuildFile; fileRef = 6FD07EB12C199D5F004FFAC1 /* AppDelegate.m */; };
		6FD07EB52C199D5F004FFAC1 /* SceneDelegate.m in Sources */ = {isa = PBXBuildFile; fileRef = 6FD07EB42C199D5F004FFAC1 /* SceneDelegate.m */; };
		6FD07EB82C199D5F004FFAC1 /* ViewController.m in Sources */ = {isa = PBXBuildFile; fileRef = 6FD07EB72C199D5F004FFAC1 /* ViewController.m */; };
		6FD07EBB2C199D5F004FFAC1 /* Main.storyboard in Resources */ = {isa = PBXBuildFile; fileRef = 6FD07EB92C199D5F004FFAC1 /* Main.storyboard */; };
		6FD07EBD2C199D60004FFAC1 /* Assets.xcassets in Resources */ = {isa = PBXBuildFile; fileRef = 6FD07EBC2C199D60004FFAC1 /* Assets.xcassets */; };
		6FD07EC02C199D60004FFAC1 /* LaunchScreen.storyboard in Resources */ = {isa = PBXBuildFile; fileRef = 6FD07EBE2C199D60004FFAC1 /* LaunchScreen.storyboard */; };
		6FD07EC32C199D60004FFAC1 /* main.m in Sources */ = {isa = PBXBuildFile; fileRef = 6FD07EC22C199D60004FFAC1 /* main.m */; };
		6FD07F112C19A85D004FFAC1 /* libc++.tbd in Frameworks */ = {isa = PBXBuildFile; fileRef = 6FD07F102C19A85D004FFAC1 /* libc++.tbd */; };
		6FD07F6D2C1A8D83004FFAC1 /* HBAKNodeOutputPlot.m in Sources */ = {isa = PBXBuildFile; fileRef = 6FD07F5B2C1A8D83004FFAC1 /* HBAKNodeOutputPlot.m */; };
		6FD07F6E2C1A8D83004FFAC1 /* HBAKPlayer.m in Sources */ = {isa = PBXBuildFile; fileRef = 6FD07F5C2C1A8D83004FFAC1 /* HBAKPlayer.m */; };
		6FD07F6F2C1A8D83004FFAC1 /* HBAKMicrophone.m in Sources */ = {isa = PBXBuildFile; fileRef = 6FD07F5D2C1A8D83004FFAC1 /* HBAKMicrophone.m */; };
		6FD07F702C1A8D83004FFAC1 /* HBAKMixer.m in Sources */ = {isa = PBXBuildFile; fileRef = 6FD07F5E2C1A8D83004FFAC1 /* HBAKMixer.m */; };
		6FD07F712C1A8D83004FFAC1 /* HBAKAbstractPlayer.m in Sources */ = {isa = PBXBuildFile; fileRef = 6FD07F5F2C1A8D83004FFAC1 /* HBAKAbstractPlayer.m */; };
		6FD07F722C1A8D83004FFAC1 /* HBAKSettings.m in Sources */ = {isa = PBXBuildFile; fileRef = 6FD07F602C1A8D83004FFAC1 /* HBAKSettings.m */; };
		6FD07F732C1A8D83004FFAC1 /* HBAKBoosterAudioUnit.m in Sources */ = {isa = PBXBuildFile; fileRef = 6FD07F612C1A8D83004FFAC1 /* HBAKBoosterAudioUnit.m */; };
		6FD07F742C1A8D83004FFAC1 /* HBAKDevice.m in Sources */ = {isa = PBXBuildFile; fileRef = 6FD07F622C1A8D83004FFAC1 /* HBAKDevice.m */; };
		6FD07F752C1A8D83004FFAC1 /* HBAKConnection.m in Sources */ = {isa = PBXBuildFile; fileRef = 6FD07F632C1A8D83004FFAC1 /* HBAKConnection.m */; };
		6FD07F762C1A8D83004FFAC1 /* HBAKBoosterDSP.mm in Sources */ = {isa = PBXBuildFile; fileRef = 6FD07F642C1A8D83004FFAC1 /* HBAKBoosterDSP.mm */; };
		6FD07F772C1A8D83004FFAC1 /* HBAKAudioPlayer.m in Sources */ = {isa = PBXBuildFile; fileRef = 6FD07F652C1A8D83004FFAC1 /* HBAKAudioPlayer.m */; };
		6FD07F782C1A8D83004FFAC1 /* HBAudioSession.m in Sources */ = {isa = PBXBuildFile; fileRef = 6FD07F662C1A8D83004FFAC1 /* HBAudioSession.m */; };
		6FD07F792C1A8D83004FFAC1 /* HBBufferedAudioUnit.m in Sources */ = {isa = PBXBuildFile; fileRef = 6FD07F672C1A8D83004FFAC1 /* HBBufferedAudioUnit.m */; };
		6FD07F7A2C1A8D83004FFAC1 /* HBAKAudioUnitBase.mm in Sources */ = {isa = PBXBuildFile; fileRef = 6FD07F682C1A8D83004FFAC1 /* HBAKAudioUnitBase.mm */; };
		6FD07F7B2C1A8D83004FFAC1 /* HBAKNode.m in Sources */ = {isa = PBXBuildFile; fileRef = 6FD07F692C1A8D83004FFAC1 /* HBAKNode.m */; };
		6FD07F7C2C1A8D83004FFAC1 /* HBAKDSPBase.mm in Sources */ = {isa = PBXBuildFile; fileRef = 6FD07F6A2C1A8D83004FFAC1 /* HBAKDSPBase.mm */; };
		6FD07F7D2C1A8D83004FFAC1 /* HBAKBooster.m in Sources */ = {isa = PBXBuildFile; fileRef = 6FD07F6B2C1A8D83004FFAC1 /* HBAKBooster.m */; };
		6FD07F7E2C1A8D83004FFAC1 /* HBAudioKit.m in Sources */ = {isa = PBXBuildFile; fileRef = 6FD07F6C2C1A8D83004FFAC1 /* HBAudioKit.m */; };
		6FD07FB12C1A966F004FFAC1 /* libmp3lame in Frameworks */ = {isa = PBXBuildFile; productRef = 6FD07FB02C1A966F004FFAC1 /* libmp3lame */; };
		6FD07FB42C1A9F93004FFAC1 /* HBAudioKitFastRecorder.m in Sources */ = {isa = PBXBuildFile; fileRef = 6FD07FB32C1A9F93004FFAC1 /* HBAudioKitFastRecorder.m */; };
		6FFB86352C2D3AB300F32F98 /* TWFastRecorder.swift in Sources */ = {isa = PBXBuildFile; fileRef = 6FFB86342C2D3AB300F32F98 /* TWFastRecorder.swift */; };
/* End PBXBuildFile section */

/* Begin PBXFileReference section */
		6F3BD7652C1ABA0F00C238DB /* HBBufferedAudioUnit.h */ = {isa = PBXFileReference; fileEncoding = 4; lastKnownFileType = sourcecode.c.h; path = HBBufferedAudioUnit.h; sourceTree = "<group>"; };
		6F3BD7662C1ABA0F00C238DB /* HBAKDSPBase.hpp */ = {isa = PBXFileReference; fileEncoding = 4; lastKnownFileType = sourcecode.cpp.h; path = HBAKDSPBase.hpp; sourceTree = "<group>"; };
		6F3BD7672C1ABA0F00C238DB /* HBAKBoosterDSP.hpp */ = {isa = PBXFileReference; fileEncoding = 4; lastKnownFileType = sourcecode.cpp.h; path = HBAKBoosterDSP.hpp; sourceTree = "<group>"; };
		6F3BD7682C1ABA0F00C238DB /* HBAKAudioUnitBase.h */ = {isa = PBXFileReference; fileEncoding = 4; lastKnownFileType = sourcecode.c.h; path = HBAKAudioUnitBase.h; sourceTree = "<group>"; };
		6F3BD7692C1ABA0F00C238DB /* HBAKNode.h */ = {isa = PBXFileReference; fileEncoding = 4; lastKnownFileType = sourcecode.c.h; path = HBAKNode.h; sourceTree = "<group>"; };
		6F3BD76A2C1ABA0F00C238DB /* HBAudioKitFastRecorder.h */ = {isa = PBXFileReference; fileEncoding = 4; lastKnownFileType = sourcecode.c.h; path = HBAudioKitFastRecorder.h; sourceTree = "<group>"; };
		6F3BD76B2C1ABA0F00C238DB /* HBAudioKit.h */ = {isa = PBXFileReference; fileEncoding = 4; lastKnownFileType = sourcecode.c.h; path = HBAudioKit.h; sourceTree = "<group>"; };
		6F3BD76C2C1ABA0F00C238DB /* HBAKBooster.h */ = {isa = PBXFileReference; fileEncoding = 4; lastKnownFileType = sourcecode.c.h; path = HBAKBooster.h; sourceTree = "<group>"; };
		6F3BD76D2C1ABA0F00C238DB /* HBAKMixer.h */ = {isa = PBXFileReference; fileEncoding = 4; lastKnownFileType = sourcecode.c.h; path = HBAKMixer.h; sourceTree = "<group>"; };
		6F3BD76E2C1ABA0F00C238DB /* HBAKParameterRamp.hpp */ = {isa = PBXFileReference; fileEncoding = 4; lastKnownFileType = sourcecode.cpp.h; path = HBAKParameterRamp.hpp; sourceTree = "<group>"; };
		6F3BD76F2C1ABA0F00C238DB /* HBAKMicrophone.h */ = {isa = PBXFileReference; fileEncoding = 4; lastKnownFileType = sourcecode.c.h; path = HBAKMicrophone.h; sourceTree = "<group>"; };
		6F3BD7702C1ABA0F00C238DB /* HBAKPlayer.h */ = {isa = PBXFileReference; fileEncoding = 4; lastKnownFileType = sourcecode.c.h; path = HBAKPlayer.h; sourceTree = "<group>"; };
		6F3BD7712C1ABA0F00C238DB /* HBAKNodeOutputPlot.h */ = {isa = PBXFileReference; fileEncoding = 4; lastKnownFileType = sourcecode.c.h; path = HBAKNodeOutputPlot.h; sourceTree = "<group>"; };
		6F3BD7722C1ABA0F00C238DB /* HBAKSettings.h */ = {isa = PBXFileReference; fileEncoding = 4; lastKnownFileType = sourcecode.c.h; path = HBAKSettings.h; sourceTree = "<group>"; };
		6F3BD7732C1ABA0F00C238DB /* HBAKAbstractPlayer.h */ = {isa = PBXFileReference; fileEncoding = 4; lastKnownFileType = sourcecode.c.h; path = HBAKAbstractPlayer.h; sourceTree = "<group>"; };
		6F3BD7742C1ABA0F00C238DB /* HBAKExponentialParameterRamp.hpp */ = {isa = PBXFileReference; fileEncoding = 4; lastKnownFileType = sourcecode.cpp.h; path = HBAKExponentialParameterRamp.hpp; sourceTree = "<group>"; };
		6F3BD7752C1ABA0F00C238DB /* HBAKConnection.h */ = {isa = PBXFileReference; fileEncoding = 4; lastKnownFileType = sourcecode.c.h; path = HBAKConnection.h; sourceTree = "<group>"; };
		6F3BD7762C1ABA0F00C238DB /* HBAKDevice.h */ = {isa = PBXFileReference; fileEncoding = 4; lastKnownFileType = sourcecode.c.h; path = HBAKDevice.h; sourceTree = "<group>"; };
		6F3BD7772C1ABA0F00C238DB /* HBAKBoosterAudioUnit.h */ = {isa = PBXFileReference; fileEncoding = 4; lastKnownFileType = sourcecode.c.h; path = HBAKBoosterAudioUnit.h; sourceTree = "<group>"; };
		6F3BD7782C1ABA0F00C238DB /* HBAKParameterRampBase.hpp */ = {isa = PBXFileReference; fileEncoding = 4; lastKnownFileType = sourcecode.cpp.h; path = HBAKParameterRampBase.hpp; sourceTree = "<group>"; };
		6F3BD7792C1ABA0F00C238DB /* HBAudioSession.h */ = {isa = PBXFileReference; fileEncoding = 4; lastKnownFileType = sourcecode.c.h; path = HBAudioSession.h; sourceTree = "<group>"; };
		6F3BD77A2C1ABA0F00C238DB /* HBAKAudioPlayer.h */ = {isa = PBXFileReference; fileEncoding = 4; lastKnownFileType = sourcecode.c.h; path = HBAKAudioPlayer.h; sourceTree = "<group>"; };
		6FD07EAD2C199D5F004FFAC1 /* HBAudioKit.app */ = {isa = PBXFileReference; explicitFileType = wrapper.application; includeInIndex = 0; path = HBAudioKit.app; sourceTree = BUILT_PRODUCTS_DIR; };
		6FD07EB02C199D5F004FFAC1 /* AppDelegate.h */ = {isa = PBXFileReference; lastKnownFileType = sourcecode.c.h; path = AppDelegate.h; sourceTree = "<group>"; };
		6FD07EB12C199D5F004FFAC1 /* AppDelegate.m */ = {isa = PBXFileReference; lastKnownFileType = sourcecode.c.objc; path = AppDelegate.m; sourceTree = "<group>"; };
		6FD07EB32C199D5F004FFAC1 /* SceneDelegate.h */ = {isa = PBXFileReference; lastKnownFileType = sourcecode.c.h; path = SceneDelegate.h; sourceTree = "<group>"; };
		6FD07EB42C199D5F004FFAC1 /* SceneDelegate.m */ = {isa = PBXFileReference; lastKnownFileType = sourcecode.c.objc; path = SceneDelegate.m; sourceTree = "<group>"; };
		6FD07EB62C199D5F004FFAC1 /* ViewController.h */ = {isa = PBXFileReference; lastKnownFileType = sourcecode.c.h; path = ViewController.h; sourceTree = "<group>"; };
		6FD07EB72C199D5F004FFAC1 /* ViewController.m */ = {isa = PBXFileReference; lastKnownFileType = sourcecode.c.objc; path = ViewController.m; sourceTree = "<group>"; };
		6FD07EBA2C199D5F004FFAC1 /* Base */ = {isa = PBXFileReference; lastKnownFileType = file.storyboard; name = Base; path = Base.lproj/Main.storyboard; sourceTree = "<group>"; };
		6FD07EBC2C199D60004FFAC1 /* Assets.xcassets */ = {isa = PBXFileReference; lastKnownFileType = folder.assetcatalog; path = Assets.xcassets; sourceTree = "<group>"; };
		6FD07EBF2C199D60004FFAC1 /* Base */ = {isa = PBXFileReference; lastKnownFileType = file.storyboard; name = Base; path = Base.lproj/LaunchScreen.storyboard; sourceTree = "<group>"; };
		6FD07EC12C199D60004FFAC1 /* Info.plist */ = {isa = PBXFileReference; lastKnownFileType = text.plist.xml; path = Info.plist; sourceTree = "<group>"; };
		6FD07EC22C199D60004FFAC1 /* main.m */ = {isa = PBXFileReference; lastKnownFileType = sourcecode.c.objc; path = main.m; sourceTree = "<group>"; };
		6FD07F102C19A85D004FFAC1 /* libc++.tbd */ = {isa = PBXFileReference; lastKnownFileType = "sourcecode.text-based-dylib-definition"; name = "libc++.tbd"; path = "usr/lib/libc++.tbd"; sourceTree = SDKROOT; };
		6FD07F5B2C1A8D83004FFAC1 /* HBAKNodeOutputPlot.m */ = {isa = PBXFileReference; fileEncoding = 4; lastKnownFileType = sourcecode.c.objc; path = HBAKNodeOutputPlot.m; sourceTree = "<group>"; };
		6FD07F5C2C1A8D83004FFAC1 /* HBAKPlayer.m */ = {isa = PBXFileReference; fileEncoding = 4; lastKnownFileType = sourcecode.c.objc; path = HBAKPlayer.m; sourceTree = "<group>"; };
		6FD07F5D2C1A8D83004FFAC1 /* HBAKMicrophone.m */ = {isa = PBXFileReference; fileEncoding = 4; lastKnownFileType = sourcecode.c.objc; path = HBAKMicrophone.m; sourceTree = "<group>"; };
		6FD07F5E2C1A8D83004FFAC1 /* HBAKMixer.m */ = {isa = PBXFileReference; fileEncoding = 4; lastKnownFileType = sourcecode.c.objc; path = HBAKMixer.m; sourceTree = "<group>"; };
		6FD07F5F2C1A8D83004FFAC1 /* HBAKAbstractPlayer.m */ = {isa = PBXFileReference; fileEncoding = 4; lastKnownFileType = sourcecode.c.objc; path = HBAKAbstractPlayer.m; sourceTree = "<group>"; };
		6FD07F602C1A8D83004FFAC1 /* HBAKSettings.m */ = {isa = PBXFileReference; fileEncoding = 4; lastKnownFileType = sourcecode.c.objc; path = HBAKSettings.m; sourceTree = "<group>"; };
		6FD07F612C1A8D83004FFAC1 /* HBAKBoosterAudioUnit.m */ = {isa = PBXFileReference; fileEncoding = 4; lastKnownFileType = sourcecode.c.objc; path = HBAKBoosterAudioUnit.m; sourceTree = "<group>"; };
		6FD07F622C1A8D83004FFAC1 /* HBAKDevice.m */ = {isa = PBXFileReference; fileEncoding = 4; lastKnownFileType = sourcecode.c.objc; path = HBAKDevice.m; sourceTree = "<group>"; };
		6FD07F632C1A8D83004FFAC1 /* HBAKConnection.m */ = {isa = PBXFileReference; fileEncoding = 4; lastKnownFileType = sourcecode.c.objc; path = HBAKConnection.m; sourceTree = "<group>"; };
		6FD07F642C1A8D83004FFAC1 /* HBAKBoosterDSP.mm */ = {isa = PBXFileReference; fileEncoding = 4; lastKnownFileType = sourcecode.cpp.objcpp; path = HBAKBoosterDSP.mm; sourceTree = "<group>"; };
		6FD07F652C1A8D83004FFAC1 /* HBAKAudioPlayer.m */ = {isa = PBXFileReference; fileEncoding = 4; lastKnownFileType = sourcecode.c.objc; path = HBAKAudioPlayer.m; sourceTree = "<group>"; };
		6FD07F662C1A8D83004FFAC1 /* HBAudioSession.m */ = {isa = PBXFileReference; fileEncoding = 4; lastKnownFileType = sourcecode.c.objc; path = HBAudioSession.m; sourceTree = "<group>"; };
		6FD07F672C1A8D83004FFAC1 /* HBBufferedAudioUnit.m */ = {isa = PBXFileReference; fileEncoding = 4; lastKnownFileType = sourcecode.c.objc; path = HBBufferedAudioUnit.m; sourceTree = "<group>"; };
		6FD07F682C1A8D83004FFAC1 /* HBAKAudioUnitBase.mm */ = {isa = PBXFileReference; fileEncoding = 4; lastKnownFileType = sourcecode.cpp.objcpp; path = HBAKAudioUnitBase.mm; sourceTree = "<group>"; };
		6FD07F692C1A8D83004FFAC1 /* HBAKNode.m */ = {isa = PBXFileReference; fileEncoding = 4; lastKnownFileType = sourcecode.c.objc; path = HBAKNode.m; sourceTree = "<group>"; };
		6FD07F6A2C1A8D83004FFAC1 /* HBAKDSPBase.mm */ = {isa = PBXFileReference; fileEncoding = 4; lastKnownFileType = sourcecode.cpp.objcpp; path = HBAKDSPBase.mm; sourceTree = "<group>"; };
		6FD07F6B2C1A8D83004FFAC1 /* HBAKBooster.m */ = {isa = PBXFileReference; fileEncoding = 4; lastKnownFileType = sourcecode.c.objc; path = HBAKBooster.m; sourceTree = "<group>"; };
		6FD07F6C2C1A8D83004FFAC1 /* HBAudioKit.m */ = {isa = PBXFileReference; fileEncoding = 4; lastKnownFileType = sourcecode.c.objc; path = HBAudioKit.m; sourceTree = "<group>"; };
		6FD07FB32C1A9F93004FFAC1 /* HBAudioKitFastRecorder.m */ = {isa = PBXFileReference; fileEncoding = 4; lastKnownFileType = sourcecode.c.objc; path = HBAudioKitFastRecorder.m; sourceTree = "<group>"; };
		6FFB86332C2D3AB300F32F98 /* HBAudioKit-Bridging-Header.h */ = {isa = PBXFileReference; lastKnownFileType = sourcecode.c.h; path = "HBAudioKit-Bridging-Header.h"; sourceTree = "<group>"; };
		6FFB86342C2D3AB300F32F98 /* TWFastRecorder.swift */ = {isa = PBXFileReference; lastKnownFileType = sourcecode.swift; path = TWFastRecorder.swift; sourceTree = "<group>"; };
/* End PBXFileReference section */

/* Begin PBXFrameworksBuildPhase section */
		6FD07EAA2C199D5F004FFAC1 /* Frameworks */ = {
			isa = PBXFrameworksBuildPhase;
			buildActionMask = 2147483647;
			files = (
				6FD07FB12C1A966F004FFAC1 /* libmp3lame in Frameworks */,
				6FD07F112C19A85D004FFAC1 /* libc++.tbd in Frameworks */,
			);
			runOnlyForDeploymentPostprocessing = 0;
		};
/* End PBXFrameworksBuildPhase section */

/* Begin PBXGroup section */
		6F3BD7642C1ABA0F00C238DB /* include */ = {
			isa = PBXGroup;
			children = (
				6F3BD7652C1ABA0F00C238DB /* HBBufferedAudioUnit.h */,
				6F3BD7662C1ABA0F00C238DB /* HBAKDSPBase.hpp */,
				6F3BD7672C1ABA0F00C238DB /* HBAKBoosterDSP.hpp */,
				6F3BD7682C1ABA0F00C238DB /* HBAKAudioUnitBase.h */,
				6F3BD7692C1ABA0F00C238DB /* HBAKNode.h */,
				6F3BD76A2C1ABA0F00C238DB /* HBAudioKitFastRecorder.h */,
				6F3BD76B2C1ABA0F00C238DB /* HBAudioKit.h */,
				6F3BD76C2C1ABA0F00C238DB /* HBAKBooster.h */,
				6F3BD76D2C1ABA0F00C238DB /* HBAKMixer.h */,
				6F3BD76E2C1ABA0F00C238DB /* HBAKParameterRamp.hpp */,
				6F3BD76F2C1ABA0F00C238DB /* HBAKMicrophone.h */,
				6F3BD7702C1ABA0F00C238DB /* HBAKPlayer.h */,
				6F3BD7712C1ABA0F00C238DB /* HBAKNodeOutputPlot.h */,
				6F3BD7722C1ABA0F00C238DB /* HBAKSettings.h */,
				6F3BD7732C1ABA0F00C238DB /* HBAKAbstractPlayer.h */,
				6F3BD7742C1ABA0F00C238DB /* HBAKExponentialParameterRamp.hpp */,
				6F3BD7752C1ABA0F00C238DB /* HBAKConnection.h */,
				6F3BD7762C1ABA0F00C238DB /* HBAKDevice.h */,
				6F3BD7772C1ABA0F00C238DB /* HBAKBoosterAudioUnit.h */,
				6F3BD7782C1ABA0F00C238DB /* HBAKParameterRampBase.hpp */,
				6F3BD7792C1ABA0F00C238DB /* HBAudioSession.h */,
				6F3BD77A2C1ABA0F00C238DB /* HBAKAudioPlayer.h */,
			);
			path = include;
			sourceTree = "<group>";
		};
		6FD07EA42C199D5F004FFAC1 = {
			isa = PBXGroup;
			children = (
				6FD07EAF2C199D5F004FFAC1 /* HBAudioKit */,
				6FD07EAE2C199D5F004FFAC1 /* Products */,
				6FD07F0F2C19A85D004FFAC1 /* Frameworks */,
			);
			sourceTree = "<group>";
		};
		6FD07EAE2C199D5F004FFAC1 /* Products */ = {
			isa = PBXGroup;
			children = (
				6FD07EAD2C199D5F004FFAC1 /* HBAudioKit.app */,
			);
			name = Products;
			sourceTree = "<group>";
		};
		6FD07EAF2C199D5F004FFAC1 /* HBAudioKit */ = {
			isa = PBXGroup;
			children = (
				6FD07EB02C199D5F004FFAC1 /* AppDelegate.h */,
				6FD07EB12C199D5F004FFAC1 /* AppDelegate.m */,
				6FD07EB32C199D5F004FFAC1 /* SceneDelegate.h */,
				6FD07EB42C199D5F004FFAC1 /* SceneDelegate.m */,
				6FD07EB62C199D5F004FFAC1 /* ViewController.h */,
				6FD07EB72C199D5F004FFAC1 /* ViewController.m */,
				6FFB86342C2D3AB300F32F98 /* TWFastRecorder.swift */,
				6FD07EB92C199D5F004FFAC1 /* Main.storyboard */,
				6FD07EBC2C199D60004FFAC1 /* Assets.xcassets */,
				6FD07EBE2C199D60004FFAC1 /* LaunchScreen.storyboard */,
				6FD07EC12C199D60004FFAC1 /* Info.plist */,
				6FD07EC22C199D60004FFAC1 /* main.m */,
				6FD07F142C1A8C66004FFAC1 /* Classes */,
				6FFB86332C2D3AB300F32F98 /* HBAudioKit-Bridging-Header.h */,
			);
			path = HBAudioKit;
			sourceTree = "<group>";
		};
		6FD07F0F2C19A85D004FFAC1 /* Frameworks */ = {
			isa = PBXGroup;
			children = (
				6FD07F102C19A85D004FFAC1 /* libc++.tbd */,
			);
			name = Frameworks;
			sourceTree = "<group>";
		};
		6FD07F142C1A8C66004FFAC1 /* Classes */ = {
			isa = PBXGroup;
			children = (
				6FD07F152C1A8C66004FFAC1 /* AudioKit */,
			);
			path = Classes;
			sourceTree = SOURCE_ROOT;
		};
		6FD07F152C1A8C66004FFAC1 /* AudioKit */ = {
			isa = PBXGroup;
			children = (
				6F3BD7642C1ABA0F00C238DB /* include */,
				6FD07F5A2C1A8D83004FFAC1 /* Sources */,
			);
			path = AudioKit;
			sourceTree = "<group>";
		};
		6FD07F5A2C1A8D83004FFAC1 /* Sources */ = {
			isa = PBXGroup;
			children = (
				6FD07FB22C1A9F93004FFAC1 /* Record */,
				6FD07F5B2C1A8D83004FFAC1 /* HBAKNodeOutputPlot.m */,
				6FD07F5C2C1A8D83004FFAC1 /* HBAKPlayer.m */,
				6FD07F5D2C1A8D83004FFAC1 /* HBAKMicrophone.m */,
				6FD07F5E2C1A8D83004FFAC1 /* HBAKMixer.m */,
				6FD07F5F2C1A8D83004FFAC1 /* HBAKAbstractPlayer.m */,
				6FD07F602C1A8D83004FFAC1 /* HBAKSettings.m */,
				6FD07F612C1A8D83004FFAC1 /* HBAKBoosterAudioUnit.m */,
				6FD07F622C1A8D83004FFAC1 /* HBAKDevice.m */,
				6FD07F632C1A8D83004FFAC1 /* HBAKConnection.m */,
				6FD07F642C1A8D83004FFAC1 /* HBAKBoosterDSP.mm */,
				6FD07F652C1A8D83004FFAC1 /* HBAKAudioPlayer.m */,
				6FD07F662C1A8D83004FFAC1 /* HBAudioSession.m */,
				6FD07F672C1A8D83004FFAC1 /* HBBufferedAudioUnit.m */,
				6FD07F682C1A8D83004FFAC1 /* HBAKAudioUnitBase.mm */,
				6FD07F692C1A8D83004FFAC1 /* HBAKNode.m */,
				6FD07F6A2C1A8D83004FFAC1 /* HBAKDSPBase.mm */,
				6FD07F6B2C1A8D83004FFAC1 /* HBAKBooster.m */,
				6FD07F6C2C1A8D83004FFAC1 /* HBAudioKit.m */,
			);
			path = Sources;
			sourceTree = "<group>";
		};
		6FD07FB22C1A9F93004FFAC1 /* Record */ = {
			isa = PBXGroup;
			children = (
				6FD07FB32C1A9F93004FFAC1 /* HBAudioKitFastRecorder.m */,
			);
			path = Record;
			sourceTree = "<group>";
		};
/* End PBXGroup section */

/* Begin PBXNativeTarget section */
		6FD07EAC2C199D5F004FFAC1 /* HBAudioKit */ = {
			isa = PBXNativeTarget;
			buildConfigurationList = 6FD07EC62C199D60004FFAC1 /* Build configuration list for PBXNativeTarget "HBAudioKit" */;
			buildPhases = (
				6FD07EA92C199D5F004FFAC1 /* Sources */,
				6FD07EAA2C199D5F004FFAC1 /* Frameworks */,
				6FD07EAB2C199D5F004FFAC1 /* Resources */,
			);
			buildRules = (
			);
			dependencies = (
			);
			name = HBAudioKit;
			packageProductDependencies = (
				6FD07FB02C1A966F004FFAC1 /* libmp3lame */,
			);
			productName = HBAudioKit;
			productReference = 6FD07EAD2C199D5F004FFAC1 /* HBAudioKit.app */;
			productType = "com.apple.product-type.application";
		};
/* End PBXNativeTarget section */

/* Begin PBXProject section */
		6FD07EA52C199D5F004FFAC1 /* Project object */ = {
			isa = PBXProject;
			attributes = {
				BuildIndependentTargetsInParallel = 1;
				LastUpgradeCheck = 1520;
				TargetAttributes = {
					6FD07EAC2C199D5F004FFAC1 = {
						CreatedOnToolsVersion = 15.2;
						LastSwiftMigration = 1600;
					};
				};
			};
			buildConfigurationList = 6FD07EA82C199D5F004FFAC1 /* Build configuration list for PBXProject "HBAudioKit" */;
			compatibilityVersion = "Xcode 14.0";
			developmentRegion = en;
			hasScannedForEncodings = 0;
			knownRegions = (
				en,
				Base,
			);
			mainGroup = 6FD07EA42C199D5F004FFAC1;
			packageReferences = (
				6FD07FAF2C1A966F004FFAC1 /* XCRemoteSwiftPackageReference "libmp3lame" */,
			);
			productRefGroup = 6FD07EAE2C199D5F004FFAC1 /* Products */;
			projectDirPath = "";
			projectRoot = "";
			targets = (
				6FD07EAC2C199D5F004FFAC1 /* HBAudioKit */,
			);
		};
/* End PBXProject section */

/* Begin PBXResourcesBuildPhase section */
		6FD07EAB2C199D5F004FFAC1 /* Resources */ = {
			isa = PBXResourcesBuildPhase;
			buildActionMask = 2147483647;
			files = (
				6FD07EC02C199D60004FFAC1 /* LaunchScreen.storyboard in Resources */,
				6FD07EBD2C199D60004FFAC1 /* Assets.xcassets in Resources */,
				6FD07EBB2C199D5F004FFAC1 /* Main.storyboard in Resources */,
			);
			runOnlyForDeploymentPostprocessing = 0;
		};
/* End PBXResourcesBuildPhase section */

/* Begin PBXSourcesBuildPhase section */
		6FD07EA92C199D5F004FFAC1 /* Sources */ = {
			isa = PBXSourcesBuildPhase;
			buildActionMask = 2147483647;
			files = (
				6FD07F752C1A8D83004FFAC1 /* HBAKConnection.m in Sources */,
				6FD07F772C1A8D83004FFAC1 /* HBAKAudioPlayer.m in Sources */,
				6FD07F722C1A8D83004FFAC1 /* HBAKSettings.m in Sources */,
				6FD07F6F2C1A8D83004FFAC1 /* HBAKMicrophone.m in Sources */,
				6FD07F702C1A8D83004FFAC1 /* HBAKMixer.m in Sources */,
				6FD07FB42C1A9F93004FFAC1 /* HBAudioKitFastRecorder.m in Sources */,
				6FD07F762C1A8D83004FFAC1 /* HBAKBoosterDSP.mm in Sources */,
				6FD07F7C2C1A8D83004FFAC1 /* HBAKDSPBase.mm in Sources */,
				6FD07F6E2C1A8D83004FFAC1 /* HBAKPlayer.m in Sources */,
				6FD07EB82C199D5F004FFAC1 /* ViewController.m in Sources */,
				6FD07F742C1A8D83004FFAC1 /* HBAKDevice.m in Sources */,
				6FD07F7A2C1A8D83004FFAC1 /* HBAKAudioUnitBase.mm in Sources */,
				6FD07F712C1A8D83004FFAC1 /* HBAKAbstractPlayer.m in Sources */,
				6FD07F732C1A8D83004FFAC1 /* HBAKBoosterAudioUnit.m in Sources */,
				6FFB86352C2D3AB300F32F98 /* TWFastRecorder.swift in Sources */,
				6FD07F782C1A8D83004FFAC1 /* HBAudioSession.m in Sources */,
				6FD07F792C1A8D83004FFAC1 /* HBBufferedAudioUnit.m in Sources */,
				6FD07EB22C199D5F004FFAC1 /* AppDelegate.m in Sources */,
				6FD07F7B2C1A8D83004FFAC1 /* HBAKNode.m in Sources */,
				6FD07F7E2C1A8D83004FFAC1 /* HBAudioKit.m in Sources */,
				6FD07EC32C199D60004FFAC1 /* main.m in Sources */,
				6FD07F6D2C1A8D83004FFAC1 /* HBAKNodeOutputPlot.m in Sources */,
				6FD07F7D2C1A8D83004FFAC1 /* HBAKBooster.m in Sources */,
				6FD07EB52C199D5F004FFAC1 /* SceneDelegate.m in Sources */,
			);
			runOnlyForDeploymentPostprocessing = 0;
		};
/* End PBXSourcesBuildPhase section */

/* Begin PBXVariantGroup section */
		6FD07EB92C199D5F004FFAC1 /* Main.storyboard */ = {
			isa = PBXVariantGroup;
			children = (
				6FD07EBA2C199D5F004FFAC1 /* Base */,
			);
			name = Main.storyboard;
			sourceTree = "<group>";
		};
		6FD07EBE2C199D60004FFAC1 /* LaunchScreen.storyboard */ = {
			isa = PBXVariantGroup;
			children = (
				6FD07EBF2C199D60004FFAC1 /* Base */,
			);
			name = LaunchScreen.storyboard;
			sourceTree = "<group>";
		};
/* End PBXVariantGroup section */

/* Begin XCBuildConfiguration section */
		6FD07EC42C199D60004FFAC1 /* Debug */ = {
			isa = XCBuildConfiguration;
			buildSettings = {
				ALWAYS_SEARCH_USER_PATHS = NO;
				ASSETCATALOG_COMPILER_GENERATE_SWIFT_ASSET_SYMBOL_EXTENSIONS = YES;
				CLANG_ANALYZER_NONNULL = YES;
				CLANG_ANALYZER_NUMBER_OBJECT_CONVERSION = YES_AGGRESSIVE;
				CLANG_CXX_LANGUAGE_STANDARD = "gnu++20";
				CLANG_ENABLE_MODULES = YES;
				CLANG_ENABLE_OBJC_ARC = YES;
				CLANG_ENABLE_OBJC_WEAK = YES;
				CLANG_WARN_BLOCK_CAPTURE_AUTORELEASING = YES;
				CLANG_WARN_BOOL_CONVERSION = YES;
				CLANG_WARN_COMMA = YES;
				CLANG_WARN_CONSTANT_CONVERSION = YES;
				CLANG_WARN_DEPRECATED_OBJC_IMPLEMENTATIONS = YES;
				CLANG_WARN_DIRECT_OBJC_ISA_USAGE = YES_ERROR;
				CLANG_WARN_DOCUMENTATION_COMMENTS = YES;
				CLANG_WARN_EMPTY_BODY = YES;
				CLANG_WARN_ENUM_CONVERSION = YES;
				CLANG_WARN_INFINITE_RECURSION = YES;
				CLANG_WARN_INT_CONVERSION = YES;
				CLANG_WARN_NON_LITERAL_NULL_CONVERSION = YES;
				CLANG_WARN_OBJC_IMPLICIT_RETAIN_SELF = YES;
				CLANG_WARN_OBJC_LITERAL_CONVERSION = YES;
				CLANG_WARN_OBJC_ROOT_CLASS = YES_ERROR;
				CLANG_WARN_QUOTED_INCLUDE_IN_FRAMEWORK_HEADER = YES;
				CLANG_WARN_RANGE_LOOP_ANALYSIS = YES;
				CLANG_WARN_STRICT_PROTOTYPES = YES;
				CLANG_WARN_SUSPICIOUS_MOVE = YES;
				CLANG_WARN_UNGUARDED_AVAILABILITY = YES_AGGRESSIVE;
				CLANG_WARN_UNREACHABLE_CODE = YES;
				CLANG_WARN__DUPLICATE_METHOD_MATCH = YES;
				COPY_PHASE_STRIP = NO;
				DEBUG_INFORMATION_FORMAT = dwarf;
				ENABLE_STRICT_OBJC_MSGSEND = YES;
				ENABLE_TESTABILITY = YES;
				ENABLE_USER_SCRIPT_SANDBOXING = YES;
				GCC_C_LANGUAGE_STANDARD = gnu17;
				GCC_DYNAMIC_NO_PIC = NO;
				GCC_NO_COMMON_BLOCKS = YES;
				GCC_OPTIMIZATION_LEVEL = 0;
				GCC_PREPROCESSOR_DEFINITIONS = (
					"DEBUG=1",
					"$(inherited)",
				);
				GCC_WARN_64_TO_32_BIT_CONVERSION = YES;
				GCC_WARN_ABOUT_RETURN_TYPE = YES_ERROR;
				GCC_WARN_UNDECLARED_SELECTOR = YES;
				GCC_WARN_UNINITIALIZED_AUTOS = YES_AGGRESSIVE;
				GCC_WARN_UNUSED_FUNCTION = YES;
				GCC_WARN_UNUSED_VARIABLE = YES;
				IPHONEOS_DEPLOYMENT_TARGET = 17.2;
				LOCALIZATION_PREFERS_STRING_CATALOGS = YES;
				MTL_ENABLE_DEBUG_INFO = INCLUDE_SOURCE;
				MTL_FAST_MATH = YES;
				ONLY_ACTIVE_ARCH = YES;
				SDKROOT = iphoneos;
			};
			name = Debug;
		};
		6FD07EC52C199D60004FFAC1 /* Release */ = {
			isa = XCBuildConfiguration;
			buildSettings = {
				ALWAYS_SEARCH_USER_PATHS = NO;
				ASSETCATALOG_COMPILER_GENERATE_SWIFT_ASSET_SYMBOL_EXTENSIONS = YES;
				CLANG_ANALYZER_NONNULL = YES;
				CLANG_ANALYZER_NUMBER_OBJECT_CONVERSION = YES_AGGRESSIVE;
				CLANG_CXX_LANGUAGE_STANDARD = "gnu++20";
				CLANG_ENABLE_MODULES = YES;
				CLANG_ENABLE_OBJC_ARC = YES;
				CLANG_ENABLE_OBJC_WEAK = YES;
				CLANG_WARN_BLOCK_CAPTURE_AUTORELEASING = YES;
				CLANG_WARN_BOOL_CONVERSION = YES;
				CLANG_WARN_COMMA = YES;
				CLANG_WARN_CONSTANT_CONVERSION = YES;
				CLANG_WARN_DEPRECATED_OBJC_IMPLEMENTATIONS = YES;
				CLANG_WARN_DIRECT_OBJC_ISA_USAGE = YES_ERROR;
				CLANG_WARN_DOCUMENTATION_COMMENTS = YES;
				CLANG_WARN_EMPTY_BODY = YES;
				CLANG_WARN_ENUM_CONVERSION = YES;
				CLANG_WARN_INFINITE_RECURSION = YES;
				CLANG_WARN_INT_CONVERSION = YES;
				CLANG_WARN_NON_LITERAL_NULL_CONVERSION = YES;
				CLANG_WARN_OBJC_IMPLICIT_RETAIN_SELF = YES;
				CLANG_WARN_OBJC_LITERAL_CONVERSION = YES;
				CLANG_WARN_OBJC_ROOT_CLASS = YES_ERROR;
				CLANG_WARN_QUOTED_INCLUDE_IN_FRAMEWORK_HEADER = YES;
				CLANG_WARN_RANGE_LOOP_ANALYSIS = YES;
				CLANG_WARN_STRICT_PROTOTYPES = YES;
				CLANG_WARN_SUSPICIOUS_MOVE = YES;
				CLANG_WARN_UNGUARDED_AVAILABILITY = YES_AGGRESSIVE;
				CLANG_WARN_UNREACHABLE_CODE = YES;
				CLANG_WARN__DUPLICATE_METHOD_MATCH = YES;
				COPY_PHASE_STRIP = NO;
				DEBUG_INFORMATION_FORMAT = "dwarf-with-dsym";
				ENABLE_NS_ASSERTIONS = NO;
				ENABLE_STRICT_OBJC_MSGSEND = YES;
				ENABLE_USER_SCRIPT_SANDBOXING = YES;
				GCC_C_LANGUAGE_STANDARD = gnu17;
				GCC_NO_COMMON_BLOCKS = YES;
				GCC_WARN_64_TO_32_BIT_CONVERSION = YES;
				GCC_WARN_ABOUT_RETURN_TYPE = YES_ERROR;
				GCC_WARN_UNDECLARED_SELECTOR = YES;
				GCC_WARN_UNINITIALIZED_AUTOS = YES_AGGRESSIVE;
				GCC_WARN_UNUSED_FUNCTION = YES;
				GCC_WARN_UNUSED_VARIABLE = YES;
				IPHONEOS_DEPLOYMENT_TARGET = 17.2;
				LOCALIZATION_PREFERS_STRING_CATALOGS = YES;
				MTL_ENABLE_DEBUG_INFO = NO;
				MTL_FAST_MATH = YES;
				SDKROOT = iphoneos;
				VALIDATE_PRODUCT = YES;
			};
			name = Release;
		};
		6FD07EC72C199D60004FFAC1 /* Debug */ = {
			isa = XCBuildConfiguration;
			buildSettings = {
				ASSETCATALOG_COMPILER_APPICON_NAME = AppIcon;
				ASSETCATALOG_COMPILER_GLOBAL_ACCENT_COLOR_NAME = AccentColor;
				CLANG_ENABLE_MODULES = YES;
				CODE_SIGN_STYLE = Automatic;
				CURRENT_PROJECT_VERSION = 1;
				DEVELOPMENT_TEAM = 74FFGT6HP4;
				GENERATE_INFOPLIST_FILE = YES;
				INFOPLIST_FILE = HBAudioKit/Info.plist;
				INFOPLIST_KEY_NSMicrophoneUsageDescription = "App需要您的同意，才能使用试音功能。";
				INFOPLIST_KEY_UIApplicationSupportsIndirectInputEvents = YES;
				INFOPLIST_KEY_UILaunchStoryboardName = LaunchScreen;
				INFOPLIST_KEY_UIMainStoryboardFile = Main;
				INFOPLIST_KEY_UISupportedInterfaceOrientations_iPad = "UIInterfaceOrientationPortrait UIInterfaceOrientationPortraitUpsideDown UIInterfaceOrientationLandscapeLeft UIInterfaceOrientationLandscapeRight";
				INFOPLIST_KEY_UISupportedInterfaceOrientations_iPhone = "UIInterfaceOrientationPortrait UIInterfaceOrientationLandscapeLeft UIInterfaceOrientationLandscapeRight";
				LD_RUNPATH_SEARCH_PATHS = (
					"$(inherited)",
					"@executable_path/Frameworks",
				);
				MARKETING_VERSION = 1.0;
				PRODUCT_BUNDLE_IDENTIFIER = com.holiday.HBAudioKit;
				PRODUCT_NAME = "$(TARGET_NAME)";
				SWIFT_EMIT_LOC_STRINGS = YES;
				SWIFT_OBJC_BRIDGING_HEADER = "HBAudioKit/HBAudioKit-Bridging-Header.h";
				SWIFT_OPTIMIZATION_LEVEL = "-Onone";
				SWIFT_VERSION = 6.0;
				TARGETED_DEVICE_FAMILY = "1,2";
			};
			name = Debug;
		};
		6FD07EC82C199D60004FFAC1 /* Release */ = {
			isa = XCBuildConfiguration;
			buildSettings = {
				ASSETCATALOG_COMPILER_APPICON_NAME = AppIcon;
				ASSETCATALOG_COMPILER_GLOBAL_ACCENT_COLOR_NAME = AccentColor;
				CLANG_ENABLE_MODULES = YES;
				CODE_SIGN_STYLE = Automatic;
				CURRENT_PROJECT_VERSION = 1;
				DEVELOPMENT_TEAM = 74FFGT6HP4;
				GENERATE_INFOPLIST_FILE = YES;
				INFOPLIST_FILE = HBAudioKit/Info.plist;
				INFOPLIST_KEY_NSMicrophoneUsageDescription = "App需要您的同意，才能使用试音功能。";
				INFOPLIST_KEY_UIApplicationSupportsIndirectInputEvents = YES;
				INFOPLIST_KEY_UILaunchStoryboardName = LaunchScreen;
				INFOPLIST_KEY_UIMainStoryboardFile = Main;
				INFOPLIST_KEY_UISupportedInterfaceOrientations_iPad = "UIInterfaceOrientationPortrait UIInterfaceOrientationPortraitUpsideDown UIInterfaceOrientationLandscapeLeft UIInterfaceOrientationLandscapeRight";
				INFOPLIST_KEY_UISupportedInterfaceOrientations_iPhone = "UIInterfaceOrientationPortrait UIInterfaceOrientationLandscapeLeft UIInterfaceOrientationLandscapeRight";
				LD_RUNPATH_SEARCH_PATHS = (
					"$(inherited)",
					"@executable_path/Frameworks",
				);
				MARKETING_VERSION = 1.0;
				PRODUCT_BUNDLE_IDENTIFIER = com.holiday.HBAudioKit;
				PRODUCT_NAME = "$(TARGET_NAME)";
				SWIFT_EMIT_LOC_STRINGS = YES;
				SWIFT_OBJC_BRIDGING_HEADER = "HBAudioKit/HBAudioKit-Bridging-Header.h";
				SWIFT_VERSION = 6.0;
				TARGETED_DEVICE_FAMILY = "1,2";
			};
			name = Release;
		};
/* End XCBuildConfiguration section */

/* Begin XCConfigurationList section */
		6FD07EA82C199D5F004FFAC1 /* Build configuration list for PBXProject "HBAudioKit" */ = {
			isa = XCConfigurationList;
			buildConfigurations = (
				6FD07EC42C199D60004FFAC1 /* Debug */,
				6FD07EC52C199D60004FFAC1 /* Release */,
			);
			defaultConfigurationIsVisible = 0;
			defaultConfigurationName = Release;
		};
		6FD07EC62C199D60004FFAC1 /* Build configuration list for PBXNativeTarget "HBAudioKit" */ = {
			isa = XCConfigurationList;
			buildConfigurations = (
				6FD07EC72C199D60004FFAC1 /* Debug */,
				6FD07EC82C199D60004FFAC1 /* Release */,
			);
			defaultConfigurationIsVisible = 0;
			defaultConfigurationName = Release;
		};
/* End XCConfigurationList section */

/* Begin XCRemoteSwiftPackageReference section */
		6FD07FAF2C1A966F004FFAC1 /* XCRemoteSwiftPackageReference "libmp3lame" */ = {
			isa = XCRemoteSwiftPackageReference;
			repositoryURL = "https://github.com/freezy7/libmp3lame";
			requirement = {
				kind = upToNextMajorVersion;
				minimumVersion = 3.100.0;
			};
		};
/* End XCRemoteSwiftPackageReference section */

/* Begin XCSwiftPackageProductDependency section */
		6FD07FB02C1A966F004FFAC1 /* libmp3lame */ = {
			isa = XCSwiftPackageProductDependency;
			package = 6FD07FAF2C1A966F004FFAC1 /* XCRemoteSwiftPackageReference "libmp3lame" */;
			productName = libmp3lame;
		};
/* End XCSwiftPackageProductDependency section */
	};
	rootObject = 6FD07EA52C199D5F004FFAC1 /* Project object */;
}
